// !$*UTF8*$!
{
	archiveVersion = 1;
	classes = {
	};
	objectVersion = 50;
	objects = {

/* Begin PBXBuildFile section */
		072E2A0221AB0D5500DA782A /* NewChatViewController.swift in Sources */ = {isa = PBXBuildFile; fileRef = 072E2A0121AB0D5500DA782A /* NewChatViewController.swift */; };
		07ACAC87217B67B200ECF0EA /* UITableView+Scroll.swift in Sources */ = {isa = PBXBuildFile; fileRef = 07ACAC86217B67B200ECF0EA /* UITableView+Scroll.swift */; };
		07ACAC89217BA29E00ECF0EA /* CDHelper.swift in Sources */ = {isa = PBXBuildFile; fileRef = 07ACAC88217BA29E00ECF0EA /* CDHelper.swift */; };
		07ACAC8C217BA4C800ECF0EA /* Model.xcdatamodeld in Sources */ = {isa = PBXBuildFile; fileRef = 07ACAC8A217BA4C800ECF0EA /* Model.xcdatamodeld */; };
		07ACACA1217C2CF200ECF0EA /* Message+CoreDataClass.swift in Sources */ = {isa = PBXBuildFile; fileRef = 07ACAC9D217C2CF200ECF0EA /* Message+CoreDataClass.swift */; };
		07ACACA2217C2CF200ECF0EA /* Message+CoreDataProperties.swift in Sources */ = {isa = PBXBuildFile; fileRef = 07ACAC9E217C2CF200ECF0EA /* Message+CoreDataProperties.swift */; };
		07ACACA7217C2FC600ECF0EA /* Chat+CoreDataClass.swift in Sources */ = {isa = PBXBuildFile; fileRef = 07ACACA5217C2FC600ECF0EA /* Chat+CoreDataClass.swift */; };
		07ACACA8217C2FC600ECF0EA /* Chat+CoreDataProperties.swift in Sources */ = {isa = PBXBuildFile; fileRef = 07ACACA6217C2FC600ECF0EA /* Chat+CoreDataProperties.swift */; };
		07ACACAA217C307900ECF0EA /* ChatCell.swift in Sources */ = {isa = PBXBuildFile; fileRef = 07ACACA9217C307900ECF0EA /* ChatCell.swift */; };
		07ACACAC217C331C00ECF0EA /* AllChatsViewController.swift in Sources */ = {isa = PBXBuildFile; fileRef = 07ACACAB217C331C00ECF0EA /* AllChatsViewController.swift */; };
		C6C92AE521ABCFB600043BB1 /* Contact+CoreDataClass.swift in Sources */ = {isa = PBXBuildFile; fileRef = C6C92AE321ABCFB600043BB1 /* Contact+CoreDataClass.swift */; };
		C6C92AE621ABCFB600043BB1 /* Contact+CoreDataProperties.swift in Sources */ = {isa = PBXBuildFile; fileRef = C6C92AE421ABCFB600043BB1 /* Contact+CoreDataProperties.swift */; };
		C6C92AE821ABD92B00043BB1 /* TableViewFetchResultsDelegate.swift in Sources */ = {isa = PBXBuildFile; fileRef = C6C92AE721ABD92B00043BB1 /* TableViewFetchResultsDelegate.swift */; };
		C6C92AEA21ABEA3F00043BB1 /* UIViewController+FillWithView.swift in Sources */ = {isa = PBXBuildFile; fileRef = C6C92AE921ABEA3F00043BB1 /* UIViewController+FillWithView.swift */; };
		C6C92AEC21ABF4AD00043BB1 /* ChatCreationDelegate.swift in Sources */ = {isa = PBXBuildFile; fileRef = C6C92AEB21ABF4AD00043BB1 /* ChatCreationDelegate.swift */; };
		C6C92AF721AD51C500043BB1 /* NewGroupViewController.swift in Sources */ = {isa = PBXBuildFile; fileRef = C6C92AF621AD51C500043BB1 /* NewGroupViewController.swift */; };
		C6C92AF921AD5B7E00043BB1 /* NewGroupParticipantsViewController.swift in Sources */ = {isa = PBXBuildFile; fileRef = C6C92AF821AD5B7E00043BB1 /* NewGroupParticipantsViewController.swift */; };
		C6EE644F2175F8620090C1FA /* AppDelegate.swift in Sources */ = {isa = PBXBuildFile; fileRef = C6EE644E2175F8620090C1FA /* AppDelegate.swift */; };
		C6EE64512175F8620090C1FA /* ChatViewController.swift in Sources */ = {isa = PBXBuildFile; fileRef = C6EE64502175F8620090C1FA /* ChatViewController.swift */; };
		C6EE64592175F8760090C1FA /* Assets.xcassets in Resources */ = {isa = PBXBuildFile; fileRef = C6EE64582175F8760090C1FA /* Assets.xcassets */; };
		C6EE645C2175F8760090C1FA /* LaunchScreen.storyboard in Resources */ = {isa = PBXBuildFile; fileRef = C6EE645A2175F8760090C1FA /* LaunchScreen.storyboard */; };
		C6EE64672175F8760090C1FA /* FirebaseChatTests.swift in Sources */ = {isa = PBXBuildFile; fileRef = C6EE64662175F8760090C1FA /* FirebaseChatTests.swift */; };
		C6EE64752176038D0090C1FA /* MessageCell.swift in Sources */ = {isa = PBXBuildFile; fileRef = C6EE64742176038D0090C1FA /* MessageCell.swift */; };
/* End PBXBuildFile section */

/* Begin PBXContainerItemProxy section */
		C6EE64632175F8760090C1FA /* PBXContainerItemProxy */ = {
			isa = PBXContainerItemProxy;
			containerPortal = C6EE64432175F8620090C1FA /* Project object */;
			proxyType = 1;
			remoteGlobalIDString = C6EE644A2175F8620090C1FA;
			remoteInfo = FirebaseChat;
		};
/* End PBXContainerItemProxy section */

/* Begin PBXFileReference section */
		072E2A0121AB0D5500DA782A /* NewChatViewController.swift */ = {isa = PBXFileReference; lastKnownFileType = sourcecode.swift; path = NewChatViewController.swift; sourceTree = "<group>"; };
		07ACAC86217B67B200ECF0EA /* UITableView+Scroll.swift */ = {isa = PBXFileReference; lastKnownFileType = sourcecode.swift; path = "UITableView+Scroll.swift"; sourceTree = "<group>"; };
		07ACAC88217BA29E00ECF0EA /* CDHelper.swift */ = {isa = PBXFileReference; fileEncoding = 4; lastKnownFileType = sourcecode.swift; path = CDHelper.swift; sourceTree = "<group>"; };
		07ACAC8B217BA4C800ECF0EA /* Model.xcdatamodel */ = {isa = PBXFileReference; lastKnownFileType = wrapper.xcdatamodel; path = Model.xcdatamodel; sourceTree = "<group>"; };
		07ACAC9D217C2CF200ECF0EA /* Message+CoreDataClass.swift */ = {isa = PBXFileReference; lastKnownFileType = sourcecode.swift; path = "Message+CoreDataClass.swift"; sourceTree = "<group>"; };
		07ACAC9E217C2CF200ECF0EA /* Message+CoreDataProperties.swift */ = {isa = PBXFileReference; lastKnownFileType = sourcecode.swift; path = "Message+CoreDataProperties.swift"; sourceTree = "<group>"; };
		07ACACA5217C2FC600ECF0EA /* Chat+CoreDataClass.swift */ = {isa = PBXFileReference; lastKnownFileType = sourcecode.swift; path = "Chat+CoreDataClass.swift"; sourceTree = "<group>"; };
		07ACACA6217C2FC600ECF0EA /* Chat+CoreDataProperties.swift */ = {isa = PBXFileReference; lastKnownFileType = sourcecode.swift; path = "Chat+CoreDataProperties.swift"; sourceTree = "<group>"; };
		07ACACA9217C307900ECF0EA /* ChatCell.swift */ = {isa = PBXFileReference; lastKnownFileType = sourcecode.swift; path = ChatCell.swift; sourceTree = "<group>"; };
		07ACACAB217C331C00ECF0EA /* AllChatsViewController.swift */ = {isa = PBXFileReference; lastKnownFileType = sourcecode.swift; path = AllChatsViewController.swift; sourceTree = "<group>"; };
		C6C92AE321ABCFB600043BB1 /* Contact+CoreDataClass.swift */ = {isa = PBXFileReference; lastKnownFileType = sourcecode.swift; path = "Contact+CoreDataClass.swift"; sourceTree = "<group>"; };
		C6C92AE421ABCFB600043BB1 /* Contact+CoreDataProperties.swift */ = {isa = PBXFileReference; lastKnownFileType = sourcecode.swift; path = "Contact+CoreDataProperties.swift"; sourceTree = "<group>"; };
		C6C92AE721ABD92B00043BB1 /* TableViewFetchResultsDelegate.swift */ = {isa = PBXFileReference; lastKnownFileType = sourcecode.swift; path = TableViewFetchResultsDelegate.swift; sourceTree = "<group>"; };
		C6C92AE921ABEA3F00043BB1 /* UIViewController+FillWithView.swift */ = {isa = PBXFileReference; lastKnownFileType = sourcecode.swift; path = "UIViewController+FillWithView.swift"; sourceTree = "<group>"; };
		C6C92AEB21ABF4AD00043BB1 /* ChatCreationDelegate.swift */ = {isa = PBXFileReference; lastKnownFileType = sourcecode.swift; path = ChatCreationDelegate.swift; sourceTree = "<group>"; };
		C6C92AF621AD51C500043BB1 /* NewGroupViewController.swift */ = {isa = PBXFileReference; lastKnownFileType = sourcecode.swift; path = NewGroupViewController.swift; sourceTree = "<group>"; };
		C6C92AF821AD5B7E00043BB1 /* NewGroupParticipantsViewController.swift */ = {isa = PBXFileReference; lastKnownFileType = sourcecode.swift; path = NewGroupParticipantsViewController.swift; sourceTree = "<group>"; };
		C6EE644B2175F8620090C1FA /* FirebaseChat.app */ = {isa = PBXFileReference; explicitFileType = wrapper.application; includeInIndex = 0; path = FirebaseChat.app; sourceTree = BUILT_PRODUCTS_DIR; };
		C6EE644E2175F8620090C1FA /* AppDelegate.swift */ = {isa = PBXFileReference; lastKnownFileType = sourcecode.swift; path = AppDelegate.swift; sourceTree = "<group>"; };
		C6EE64502175F8620090C1FA /* ChatViewController.swift */ = {isa = PBXFileReference; lastKnownFileType = sourcecode.swift; path = ChatViewController.swift; sourceTree = "<group>"; };
		C6EE64582175F8760090C1FA /* Assets.xcassets */ = {isa = PBXFileReference; lastKnownFileType = folder.assetcatalog; path = Assets.xcassets; sourceTree = "<group>"; };
		C6EE645B2175F8760090C1FA /* Base */ = {isa = PBXFileReference; lastKnownFileType = file.storyboard; name = Base; path = Base.lproj/LaunchScreen.storyboard; sourceTree = "<group>"; };
		C6EE645D2175F8760090C1FA /* Info.plist */ = {isa = PBXFileReference; lastKnownFileType = text.plist.xml; path = Info.plist; sourceTree = "<group>"; };
		C6EE64622175F8760090C1FA /* FirebaseChatTests.xctest */ = {isa = PBXFileReference; explicitFileType = wrapper.cfbundle; includeInIndex = 0; path = FirebaseChatTests.xctest; sourceTree = BUILT_PRODUCTS_DIR; };
		C6EE64662175F8760090C1FA /* FirebaseChatTests.swift */ = {isa = PBXFileReference; lastKnownFileType = sourcecode.swift; path = FirebaseChatTests.swift; sourceTree = "<group>"; };
		C6EE64682175F8760090C1FA /* Info.plist */ = {isa = PBXFileReference; lastKnownFileType = text.plist.xml; path = Info.plist; sourceTree = "<group>"; };
		C6EE64742176038D0090C1FA /* MessageCell.swift */ = {isa = PBXFileReference; lastKnownFileType = sourcecode.swift; path = MessageCell.swift; sourceTree = "<group>"; };
/* End PBXFileReference section */

/* Begin PBXFrameworksBuildPhase section */
		C6EE64482175F8620090C1FA /* Frameworks */ = {
			isa = PBXFrameworksBuildPhase;
			buildActionMask = 2147483647;
			files = (
			);
			runOnlyForDeploymentPostprocessing = 0;
		};
		C6EE645F2175F8760090C1FA /* Frameworks */ = {
			isa = PBXFrameworksBuildPhase;
			buildActionMask = 2147483647;
			files = (
			);
			runOnlyForDeploymentPostprocessing = 0;
		};
/* End PBXFrameworksBuildPhase section */

/* Begin PBXGroup section */
		C6C92AEE21AD477A00043BB1 /* ContactsVC */ = {
			isa = PBXGroup;
			children = (
			);
			path = ContactsVC;
			sourceTree = "<group>";
		};
		C6C92AEF21AD478200043BB1 /* AllChatsVC */ = {
			isa = PBXGroup;
			children = (
				07ACACAB217C331C00ECF0EA /* AllChatsViewController.swift */,
				07ACACA9217C307900ECF0EA /* ChatCell.swift */,
			);
			path = AllChatsVC;
			sourceTree = "<group>";
		};
		C6C92AF021AD479D00043BB1 /* NewChatVC */ = {
			isa = PBXGroup;
			children = (
				072E2A0121AB0D5500DA782A /* NewChatViewController.swift */,
			);
			path = NewChatVC;
			sourceTree = "<group>";
		};
		C6C92AF121AD47AB00043BB1 /* Protocols */ = {
			isa = PBXGroup;
			children = (
				C6C92AEB21ABF4AD00043BB1 /* ChatCreationDelegate.swift */,
				C6C92AE721ABD92B00043BB1 /* TableViewFetchResultsDelegate.swift */,
			);
			path = Protocols;
			sourceTree = "<group>";
		};
		C6C92AF221AD47B000043BB1 /* ChatVC */ = {
			isa = PBXGroup;
			children = (
				C6EE64502175F8620090C1FA /* ChatViewController.swift */,
				C6EE64742176038D0090C1FA /* MessageCell.swift */,
			);
			path = ChatVC;
			sourceTree = "<group>";
		};
		C6C92AF321AD47B900043BB1 /* Helpers */ = {
			isa = PBXGroup;
			children = (
				07ACAC86217B67B200ECF0EA /* UITableView+Scroll.swift */,
				C6C92AE921ABEA3F00043BB1 /* UIViewController+FillWithView.swift */,
				07ACAC88217BA29E00ECF0EA /* CDHelper.swift */,
			);
			path = Helpers;
			sourceTree = "<group>";
		};
		C6C92AF421AD47C000043BB1 /* Frameworks */ = {
			isa = PBXGroup;
			children = (
				C6C92AF521AD487100043BB1 /* Supporting Files */,
			);
			path = Frameworks;
			sourceTree = "<group>";
		};
		C6C92AF521AD487100043BB1 /* Supporting Files */ = {
			isa = PBXGroup;
			children = (
				07ACAC8A217BA4C800ECF0EA /* Model.xcdatamodeld */,
				C6EE64582175F8760090C1FA /* Assets.xcassets */,
				C6EE645A2175F8760090C1FA /* LaunchScreen.storyboard */,
			);
			path = "Supporting Files";
			sourceTree = "<group>";
		};
		C6EE64422175F8620090C1FA = {
			isa = PBXGroup;
			children = (
				C6C92AE321ABCFB600043BB1 /* Contact+CoreDataClass.swift */,
				C6C92AE421ABCFB600043BB1 /* Contact+CoreDataProperties.swift */,
				07ACACA5217C2FC600ECF0EA /* Chat+CoreDataClass.swift */,
				07ACACA6217C2FC600ECF0EA /* Chat+CoreDataProperties.swift */,
				07ACAC9D217C2CF200ECF0EA /* Message+CoreDataClass.swift */,
				07ACAC9E217C2CF200ECF0EA /* Message+CoreDataProperties.swift */,
				C6EE644D2175F8620090C1FA /* FirebaseChat */,
				C6EE64652175F8760090C1FA /* FirebaseChatTests */,
				C6EE644C2175F8620090C1FA /* Products */,
			);
			sourceTree = "<group>";
		};
		C6EE644C2175F8620090C1FA /* Products */ = {
			isa = PBXGroup;
			children = (
				C6EE644B2175F8620090C1FA /* FirebaseChat.app */,
				C6EE64622175F8760090C1FA /* FirebaseChatTests.xctest */,
			);
			name = Products;
			sourceTree = "<group>";
		};
		C6EE644D2175F8620090C1FA /* FirebaseChat */ = {
			isa = PBXGroup;
			children = (
				C6EE644E2175F8620090C1FA /* AppDelegate.swift */,
				C6C92AF621AD51C500043BB1 /* NewGroupViewController.swift */,
				C6C92AF821AD5B7E00043BB1 /* NewGroupParticipantsViewController.swift */,
				C6C92AF021AD479D00043BB1 /* NewChatVC */,
				C6C92AEF21AD478200043BB1 /* AllChatsVC */,
				C6C92AEE21AD477A00043BB1 /* ContactsVC */,
				C6C92AF421AD47C000043BB1 /* Frameworks */,
				C6C92AF321AD47B900043BB1 /* Helpers */,
				C6C92AF221AD47B000043BB1 /* ChatVC */,
				C6C92AF121AD47AB00043BB1 /* Protocols */,
				C6EE645D2175F8760090C1FA /* Info.plist */,
			);
			path = FirebaseChat;
			sourceTree = "<group>";
		};
		C6EE64652175F8760090C1FA /* FirebaseChatTests */ = {
			isa = PBXGroup;
			children = (
				C6EE64662175F8760090C1FA /* FirebaseChatTests.swift */,
				C6EE64682175F8760090C1FA /* Info.plist */,
			);
			path = FirebaseChatTests;
			sourceTree = "<group>";
		};
/* End PBXGroup section */

/* Begin PBXNativeTarget section */
		C6EE644A2175F8620090C1FA /* FirebaseChat */ = {
			isa = PBXNativeTarget;
			buildConfigurationList = C6EE646B2175F8760090C1FA /* Build configuration list for PBXNativeTarget "FirebaseChat" */;
			buildPhases = (
				C6EE64472175F8620090C1FA /* Sources */,
				C6EE64482175F8620090C1FA /* Frameworks */,
				C6EE64492175F8620090C1FA /* Resources */,
			);
			buildRules = (
			);
			dependencies = (
			);
			name = FirebaseChat;
			productName = FirebaseChat;
			productReference = C6EE644B2175F8620090C1FA /* FirebaseChat.app */;
			productType = "com.apple.product-type.application";
		};
		C6EE64612175F8760090C1FA /* FirebaseChatTests */ = {
			isa = PBXNativeTarget;
			buildConfigurationList = C6EE646E2175F8760090C1FA /* Build configuration list for PBXNativeTarget "FirebaseChatTests" */;
			buildPhases = (
				C6EE645E2175F8760090C1FA /* Sources */,
				C6EE645F2175F8760090C1FA /* Frameworks */,
				C6EE64602175F8760090C1FA /* Resources */,
			);
			buildRules = (
			);
			dependencies = (
				C6EE64642175F8760090C1FA /* PBXTargetDependency */,
			);
			name = FirebaseChatTests;
			productName = FirebaseChatTests;
			productReference = C6EE64622175F8760090C1FA /* FirebaseChatTests.xctest */;
			productType = "com.apple.product-type.bundle.unit-test";
		};
/* End PBXNativeTarget section */

/* Begin PBXProject section */
		C6EE64432175F8620090C1FA /* Project object */ = {
			isa = PBXProject;
			attributes = {
				LastSwiftUpdateCheck = 0940;
				LastUpgradeCheck = 0940;
				ORGANIZATIONNAME = DrawRect;
				TargetAttributes = {
					C6EE644A2175F8620090C1FA = {
						CreatedOnToolsVersion = 9.4.1;
						LastSwiftMigration = 1010;
					};
					C6EE64612175F8760090C1FA = {
						CreatedOnToolsVersion = 9.4.1;
						LastSwiftMigration = 1010;
						TestTargetID = C6EE644A2175F8620090C1FA;
					};
				};
			};
			buildConfigurationList = C6EE64462175F8620090C1FA /* Build configuration list for PBXProject "FirebaseChat" */;
			compatibilityVersion = "Xcode 9.3";
			developmentRegion = en;
			hasScannedForEncodings = 0;
			knownRegions = (
				en,
				Base,
			);
			mainGroup = C6EE64422175F8620090C1FA;
			productRefGroup = C6EE644C2175F8620090C1FA /* Products */;
			projectDirPath = "";
			projectRoot = "";
			targets = (
				C6EE644A2175F8620090C1FA /* FirebaseChat */,
				C6EE64612175F8760090C1FA /* FirebaseChatTests */,
			);
		};
/* End PBXProject section */

/* Begin PBXResourcesBuildPhase section */
		C6EE64492175F8620090C1FA /* Resources */ = {
			isa = PBXResourcesBuildPhase;
			buildActionMask = 2147483647;
			files = (
				C6EE645C2175F8760090C1FA /* LaunchScreen.storyboard in Resources */,
				C6EE64592175F8760090C1FA /* Assets.xcassets in Resources */,
			);
			runOnlyForDeploymentPostprocessing = 0;
		};
		C6EE64602175F8760090C1FA /* Resources */ = {
			isa = PBXResourcesBuildPhase;
			buildActionMask = 2147483647;
			files = (
			);
			runOnlyForDeploymentPostprocessing = 0;
		};
/* End PBXResourcesBuildPhase section */

/* Begin PBXSourcesBuildPhase section */
		C6EE64472175F8620090C1FA /* Sources */ = {
			isa = PBXSourcesBuildPhase;
			buildActionMask = 2147483647;
			files = (
				07ACACA7217C2FC600ECF0EA /* Chat+CoreDataClass.swift in Sources */,
				C6EE64512175F8620090C1FA /* ChatViewController.swift in Sources */,
				07ACACAA217C307900ECF0EA /* ChatCell.swift in Sources */,
				C6C92AE621ABCFB600043BB1 /* Contact+CoreDataProperties.swift in Sources */,
				072E2A0221AB0D5500DA782A /* NewChatViewController.swift in Sources */,
				C6EE644F2175F8620090C1FA /* AppDelegate.swift in Sources */,
				07ACAC8C217BA4C800ECF0EA /* Model.xcdatamodeld in Sources */,
				C6C92AF921AD5B7E00043BB1 /* NewGroupParticipantsViewController.swift in Sources */,
				C6EE64752176038D0090C1FA /* MessageCell.swift in Sources */,
				C6C92AE821ABD92B00043BB1 /* TableViewFetchResultsDelegate.swift in Sources */,
				C6C92AEA21ABEA3F00043BB1 /* UIViewController+FillWithView.swift in Sources */,
				07ACACAC217C331C00ECF0EA /* AllChatsViewController.swift in Sources */,
				C6C92AE521ABCFB600043BB1 /* Contact+CoreDataClass.swift in Sources */,
				07ACAC87217B67B200ECF0EA /* UITableView+Scroll.swift in Sources */,
				C6C92AF721AD51C500043BB1 /* NewGroupViewController.swift in Sources */,
				07ACAC89217BA29E00ECF0EA /* CDHelper.swift in Sources */,
				07ACACA8217C2FC600ECF0EA /* Chat+CoreDataProperties.swift in Sources */,
				07ACACA2217C2CF200ECF0EA /* Message+CoreDataProperties.swift in Sources */,
				07ACACA1217C2CF200ECF0EA /* Message+CoreDataClass.swift in Sources */,
				C6C92AEC21ABF4AD00043BB1 /* ChatCreationDelegate.swift in Sources */,
			);
			runOnlyForDeploymentPostprocessing = 0;
		};
		C6EE645E2175F8760090C1FA /* Sources */ = {
			isa = PBXSourcesBuildPhase;
			buildActionMask = 2147483647;
			files = (
				C6EE64672175F8760090C1FA /* FirebaseChatTests.swift in Sources */,
			);
			runOnlyForDeploymentPostprocessing = 0;
		};
/* End PBXSourcesBuildPhase section */

/* Begin PBXTargetDependency section */
		C6EE64642175F8760090C1FA /* PBXTargetDependency */ = {
			isa = PBXTargetDependency;
			target = C6EE644A2175F8620090C1FA /* FirebaseChat */;
			targetProxy = C6EE64632175F8760090C1FA /* PBXContainerItemProxy */;
		};
/* End PBXTargetDependency section */

/* Begin PBXVariantGroup section */
		C6EE645A2175F8760090C1FA /* LaunchScreen.storyboard */ = {
			isa = PBXVariantGroup;
			children = (
				C6EE645B2175F8760090C1FA /* Base */,
			);
			name = LaunchScreen.storyboard;
			sourceTree = "<group>";
		};
/* End PBXVariantGroup section */

/* Begin XCBuildConfiguration section */
		C6EE64692175F8760090C1FA /* Debug */ = {
			isa = XCBuildConfiguration;
			buildSettings = {
				ALWAYS_SEARCH_USER_PATHS = NO;
				CLANG_ANALYZER_NONNULL = YES;
				CLANG_ANALYZER_NUMBER_OBJECT_CONVERSION = YES_AGGRESSIVE;
				CLANG_CXX_LANGUAGE_STANDARD = "gnu++14";
				CLANG_CXX_LIBRARY = "libc++";
				CLANG_ENABLE_MODULES = YES;
				CLANG_ENABLE_OBJC_ARC = YES;
				CLANG_ENABLE_OBJC_WEAK = YES;
				CLANG_WARN_BLOCK_CAPTURE_AUTORELEASING = YES;
				CLANG_WARN_BOOL_CONVERSION = YES;
				CLANG_WARN_COMMA = YES;
				CLANG_WARN_CONSTANT_CONVERSION = YES;
				CLANG_WARN_DEPRECATED_OBJC_IMPLEMENTATIONS = YES;
				CLANG_WARN_DIRECT_OBJC_ISA_USAGE = YES_ERROR;
				CLANG_WARN_DOCUMENTATION_COMMENTS = YES;
				CLANG_WARN_EMPTY_BODY = YES;
				CLANG_WARN_ENUM_CONVERSION = YES;
				CLANG_WARN_INFINITE_RECURSION = YES;
				CLANG_WARN_INT_CONVERSION = YES;
				CLANG_WARN_NON_LITERAL_NULL_CONVERSION = YES;
				CLANG_WARN_OBJC_IMPLICIT_RETAIN_SELF = YES;
				CLANG_WARN_OBJC_LITERAL_CONVERSION = YES;
				CLANG_WARN_OBJC_ROOT_CLASS = YES_ERROR;
				CLANG_WARN_RANGE_LOOP_ANALYSIS = YES;
				CLANG_WARN_STRICT_PROTOTYPES = YES;
				CLANG_WARN_SUSPICIOUS_MOVE = YES;
				CLANG_WARN_UNGUARDED_AVAILABILITY = YES_AGGRESSIVE;
				CLANG_WARN_UNREACHABLE_CODE = YES;
				CLANG_WARN__DUPLICATE_METHOD_MATCH = YES;
				CODE_SIGN_IDENTITY = "iPhone Developer";
				COPY_PHASE_STRIP = NO;
				DEBUG_INFORMATION_FORMAT = dwarf;
				ENABLE_STRICT_OBJC_MSGSEND = YES;
				ENABLE_TESTABILITY = YES;
				GCC_C_LANGUAGE_STANDARD = gnu11;
				GCC_DYNAMIC_NO_PIC = NO;
				GCC_NO_COMMON_BLOCKS = YES;
				GCC_OPTIMIZATION_LEVEL = 0;
				GCC_PREPROCESSOR_DEFINITIONS = (
					"DEBUG=1",
					"$(inherited)",
				);
				GCC_WARN_64_TO_32_BIT_CONVERSION = YES;
				GCC_WARN_ABOUT_RETURN_TYPE = YES_ERROR;
				GCC_WARN_UNDECLARED_SELECTOR = YES;
				GCC_WARN_UNINITIALIZED_AUTOS = YES_AGGRESSIVE;
				GCC_WARN_UNUSED_FUNCTION = YES;
				GCC_WARN_UNUSED_VARIABLE = YES;
				IPHONEOS_DEPLOYMENT_TARGET = 11.4;
				MTL_ENABLE_DEBUG_INFO = YES;
				ONLY_ACTIVE_ARCH = YES;
				SDKROOT = iphoneos;
				SWIFT_ACTIVE_COMPILATION_CONDITIONS = DEBUG;
				SWIFT_OPTIMIZATION_LEVEL = "-Onone";
			};
			name = Debug;
		};
		C6EE646A2175F8760090C1FA /* Release */ = {
			isa = XCBuildConfiguration;
			buildSettings = {
				ALWAYS_SEARCH_USER_PATHS = NO;
				CLANG_ANALYZER_NONNULL = YES;
				CLANG_ANALYZER_NUMBER_OBJECT_CONVERSION = YES_AGGRESSIVE;
				CLANG_CXX_LANGUAGE_STANDARD = "gnu++14";
				CLANG_CXX_LIBRARY = "libc++";
				CLANG_ENABLE_MODULES = YES;
				CLANG_ENABLE_OBJC_ARC = YES;
				CLANG_ENABLE_OBJC_WEAK = YES;
				CLANG_WARN_BLOCK_CAPTURE_AUTORELEASING = YES;
				CLANG_WARN_BOOL_CONVERSION = YES;
				CLANG_WARN_COMMA = YES;
				CLANG_WARN_CONSTANT_CONVERSION = YES;
				CLANG_WARN_DEPRECATED_OBJC_IMPLEMENTATIONS = YES;
				CLANG_WARN_DIRECT_OBJC_ISA_USAGE = YES_ERROR;
				CLANG_WARN_DOCUMENTATION_COMMENTS = YES;
				CLANG_WARN_EMPTY_BODY = YES;
				CLANG_WARN_ENUM_CONVERSION = YES;
				CLANG_WARN_INFINITE_RECURSION = YES;
				CLANG_WARN_INT_CONVERSION = YES;
				CLANG_WARN_NON_LITERAL_NULL_CONVERSION = YES;
				CLANG_WARN_OBJC_IMPLICIT_RETAIN_SELF = YES;
				CLANG_WARN_OBJC_LITERAL_CONVERSION = YES;
				CLANG_WARN_OBJC_ROOT_CLASS = YES_ERROR;
				CLANG_WARN_RANGE_LOOP_ANALYSIS = YES;
				CLANG_WARN_STRICT_PROTOTYPES = YES;
				CLANG_WARN_SUSPICIOUS_MOVE = YES;
				CLANG_WARN_UNGUARDED_AVAILABILITY = YES_AGGRESSIVE;
				CLANG_WARN_UNREACHABLE_CODE = YES;
				CLANG_WARN__DUPLICATE_METHOD_MATCH = YES;
				CODE_SIGN_IDENTITY = "iPhone Developer";
				COPY_PHASE_STRIP = NO;
				DEBUG_INFORMATION_FORMAT = "dwarf-with-dsym";
				ENABLE_NS_ASSERTIONS = NO;
				ENABLE_STRICT_OBJC_MSGSEND = YES;
				GCC_C_LANGUAGE_STANDARD = gnu11;
				GCC_NO_COMMON_BLOCKS = YES;
				GCC_WARN_64_TO_32_BIT_CONVERSION = YES;
				GCC_WARN_ABOUT_RETURN_TYPE = YES_ERROR;
				GCC_WARN_UNDECLARED_SELECTOR = YES;
				GCC_WARN_UNINITIALIZED_AUTOS = YES_AGGRESSIVE;
				GCC_WARN_UNUSED_FUNCTION = YES;
				GCC_WARN_UNUSED_VARIABLE = YES;
				IPHONEOS_DEPLOYMENT_TARGET = 11.4;
				MTL_ENABLE_DEBUG_INFO = NO;
				SDKROOT = iphoneos;
				SWIFT_COMPILATION_MODE = wholemodule;
				SWIFT_OPTIMIZATION_LEVEL = "-O";
				VALIDATE_PRODUCT = YES;
			};
			name = Release;
		};
		C6EE646C2175F8760090C1FA /* Debug */ = {
			isa = XCBuildConfiguration;
			buildSettings = {
				ASSETCATALOG_COMPILER_APPICON_NAME = AppIcon;
				CODE_SIGN_STYLE = Automatic;
				DEVELOPMENT_TEAM = 35P9S7STBV;
				INFOPLIST_FILE = FirebaseChat/Info.plist;
				IPHONEOS_DEPLOYMENT_TARGET = 11.0;
				LD_RUNPATH_SEARCH_PATHS = (
					"$(inherited)",
					"@executable_path/Frameworks",
				);
				PRODUCT_BUNDLE_IDENTIFIER = com.DrawRect.FirebaseChat;
				PRODUCT_NAME = "$(TARGET_NAME)";
				SWIFT_VERSION = 4.0;
				TARGETED_DEVICE_FAMILY = "1,2";
			};
			name = Debug;
		};
		C6EE646D2175F8760090C1FA /* Release */ = {
			isa = XCBuildConfiguration;
			buildSettings = {
				ASSETCATALOG_COMPILER_APPICON_NAME = AppIcon;
				CODE_SIGN_STYLE = Automatic;
				DEVELOPMENT_TEAM = 35P9S7STBV;
				INFOPLIST_FILE = FirebaseChat/Info.plist;
				IPHONEOS_DEPLOYMENT_TARGET = 11.0;
				LD_RUNPATH_SEARCH_PATHS = (
					"$(inherited)",
					"@executable_path/Frameworks",
				);
				PRODUCT_BUNDLE_IDENTIFIER = com.DrawRect.FirebaseChat;
				PRODUCT_NAME = "$(TARGET_NAME)";
				SWIFT_VERSION = 4.0;
				TARGETED_DEVICE_FAMILY = "1,2";
			};
			name = Release;
		};
		C6EE646F2175F8760090C1FA /* Debug */ = {
			isa = XCBuildConfiguration;
			buildSettings = {
				ALWAYS_EMBED_SWIFT_STANDARD_LIBRARIES = YES;
				BUNDLE_LOADER = "$(TEST_HOST)";
				CODE_SIGN_STYLE = Automatic;
				DEVELOPMENT_TEAM = 35P9S7STBV;
				INFOPLIST_FILE = FirebaseChatTests/Info.plist;
				LD_RUNPATH_SEARCH_PATHS = (
					"$(inherited)",
					"@executable_path/Frameworks",
					"@loader_path/Frameworks",
				);
				PRODUCT_BUNDLE_IDENTIFIER = com.DrawRect.FirebaseChatTests;
				PRODUCT_NAME = "$(TARGET_NAME)";
				SWIFT_VERSION = 4.2;
				TARGETED_DEVICE_FAMILY = "1,2";
				TEST_HOST = "$(BUILT_PRODUCTS_DIR)/FirebaseChat.app/FirebaseChat";
			};
			name = Debug;
		};
		C6EE64702175F8760090C1FA /* Release */ = {
			isa = XCBuildConfiguration;
			buildSettings = {
				ALWAYS_EMBED_SWIFT_STANDARD_LIBRARIES = YES;
				BUNDLE_LOADER = "$(TEST_HOST)";
				CODE_SIGN_STYLE = Automatic;
				DEVELOPMENT_TEAM = 35P9S7STBV;
				INFOPLIST_FILE = FirebaseChatTests/Info.plist;
				LD_RUNPATH_SEARCH_PATHS = (
					"$(inherited)",
					"@executable_path/Frameworks",
					"@loader_path/Frameworks",
				);
				PRODUCT_BUNDLE_IDENTIFIER = com.DrawRect.FirebaseChatTests;
				PRODUCT_NAME = "$(TARGET_NAME)";
				SWIFT_VERSION = 4.2;
				TARGETED_DEVICE_FAMILY = "1,2";
				TEST_HOST = "$(BUILT_PRODUCTS_DIR)/FirebaseChat.app/FirebaseChat";
			};
			name = Release;
		};
/* End XCBuildConfiguration section */

/* Begin XCConfigurationList section */
		C6EE64462175F8620090C1FA /* Build configuration list for PBXProject "FirebaseChat" */ = {
			isa = XCConfigurationList;
			buildConfigurations = (
				C6EE64692175F8760090C1FA /* Debug */,
				C6EE646A2175F8760090C1FA /* Release */,
			);
			defaultConfigurationIsVisible = 0;
			defaultConfigurationName = Release;
		};
		C6EE646B2175F8760090C1FA /* Build configuration list for PBXNativeTarget "FirebaseChat" */ = {
			isa = XCConfigurationList;
			buildConfigurations = (
				C6EE646C2175F8760090C1FA /* Debug */,
				C6EE646D2175F8760090C1FA /* Release */,
			);
			defaultConfigurationIsVisible = 0;
			defaultConfigurationName = Release;
		};
		C6EE646E2175F8760090C1FA /* Build configuration list for PBXNativeTarget "FirebaseChatTests" */ = {
			isa = XCConfigurationList;
			buildConfigurations = (
				C6EE646F2175F8760090C1FA /* Debug */,
				C6EE64702175F8760090C1FA /* Release */,
			);
			defaultConfigurationIsVisible = 0;
			defaultConfigurationName = Release;
		};
/* End XCConfigurationList section */

/* Begin XCVersionGroup section */
		07ACAC8A217BA4C800ECF0EA /* Model.xcdatamodeld */ = {
			isa = XCVersionGroup;
			children = (
				07ACAC8B217BA4C800ECF0EA /* Model.xcdatamodel */,
			);
			currentVersion = 07ACAC8B217BA4C800ECF0EA /* Model.xcdatamodel */;
			path = Model.xcdatamodeld;
			sourceTree = "<group>";
			versionGroupType = wrapper.xcdatamodel;
		};
/* End XCVersionGroup section */
	};
	rootObject = C6EE64432175F8620090C1FA /* Project object */;
}
